// !$*UTF8*$!
{
	archiveVersion = 1;
	classes = {
	};
	objectVersion = 46;
	objects = {

/* Begin PBXBuildFile section */
		4075376034636521DCAC6FD6 /* Pods_FocoUnlockedTests.framework in Frameworks */ = {isa = PBXBuildFile; fileRef = 8A55E4355A293416EFA7A280 /* Pods_FocoUnlockedTests.framework */; };
		5B58055E39DA5D2405E6EC5C /* Pods_FocoUnlocked.framework in Frameworks */ = {isa = PBXBuildFile; fileRef = CB54249EEBAC7CB77F9A2573 /* Pods_FocoUnlocked.framework */; };
		68E464EBCD3185C1D67454C2 /* Pods_FocoUnlockedUITests.framework in Frameworks */ = {isa = PBXBuildFile; fileRef = 4017D2019F3DF21AA64775D5 /* Pods_FocoUnlockedUITests.framework */; };
		881EC9091D47CF0D0071A097 /* FeedController.swift in Sources */ = {isa = PBXBuildFile; fileRef = 881EC9081D47CF0D0071A097 /* FeedController.swift */; };
		881EC90E1D47CF220071A097 /* menu_dark.png in Resources */ = {isa = PBXBuildFile; fileRef = 881EC90A1D47CF220071A097 /* menu_dark.png */; };
		881EC90F1D47CF220071A097 /* menu.png in Resources */ = {isa = PBXBuildFile; fileRef = 881EC90B1D47CF220071A097 /* menu.png */; };
		881EC9101D47CF220071A097 /* namefinal.png in Resources */ = {isa = PBXBuildFile; fileRef = 881EC90C1D47CF220071A097 /* namefinal.png */; };
		881EC9111D47CF220071A097 /* settings.png in Resources */ = {isa = PBXBuildFile; fileRef = 881EC90D1D47CF220071A097 /* settings.png */; };
		886286721CF693B9007D8C94 /* AppDelegate.swift in Sources */ = {isa = PBXBuildFile; fileRef = 886286711CF693B9007D8C94 /* AppDelegate.swift */; };
		886286741CF693B9007D8C94 /* ViewController.swift in Sources */ = {isa = PBXBuildFile; fileRef = 886286731CF693B9007D8C94 /* ViewController.swift */; };
		886286791CF693B9007D8C94 /* Assets.xcassets in Resources */ = {isa = PBXBuildFile; fileRef = 886286781CF693B9007D8C94 /* Assets.xcassets */; };
		8862867C1CF693B9007D8C94 /* LaunchScreen.storyboard in Resources */ = {isa = PBXBuildFile; fileRef = 8862867A1CF693B9007D8C94 /* LaunchScreen.storyboard */; };
		886286871CF693BA007D8C94 /* FocoUnlockedTests.swift in Sources */ = {isa = PBXBuildFile; fileRef = 886286861CF693BA007D8C94 /* FocoUnlockedTests.swift */; };
		886286921CF693BA007D8C94 /* FocoUnlockedUITests.swift in Sources */ = {isa = PBXBuildFile; fileRef = 886286911CF693BA007D8C94 /* FocoUnlockedUITests.swift */; };
		886286A31CF694A9007D8C94 /* Main.storyboard in Resources */ = {isa = PBXBuildFile; fileRef = 886286A11CF694A9007D8C94 /* Main.storyboard */; };
		886286B71CF694F7007D8C94 /* BaseService.swift in Sources */ = {isa = PBXBuildFile; fileRef = 886286A41CF694F7007D8C94 /* BaseService.swift */; };
		886286B91CF694F7007D8C94 /* CreateAccountViewController.swift in Sources */ = {isa = PBXBuildFile; fileRef = 886286A61CF694F7007D8C94 /* CreateAccountViewController.swift */; };
		886286BA1CF694F7007D8C94 /* DataService.swift in Sources */ = {isa = PBXBuildFile; fileRef = 886286A71CF694F7007D8C94 /* DataService.swift */; };
		886286BB1CF694F7007D8C94 /* DetailPostViewController.swift in Sources */ = {isa = PBXBuildFile; fileRef = 886286A81CF694F7007D8C94 /* DetailPostViewController.swift */; };
		886286BC1CF694F7007D8C94 /* filled cookie.png in Resources */ = {isa = PBXBuildFile; fileRef = 886286A91CF694F7007D8C94 /* filled cookie.png */; };
		886286BE1CF694F7007D8C94 /* LoginViewController.swift in Sources */ = {isa = PBXBuildFile; fileRef = 886286AB1CF694F7007D8C94 /* LoginViewController.swift */; };
		886286BF1CF694F7007D8C94 /* Meal.swift in Sources */ = {isa = PBXBuildFile; fileRef = 886286AC1CF694F7007D8C94 /* Meal.swift */; };
		886286C01CF694F7007D8C94 /* MealTableViewCell.swift in Sources */ = {isa = PBXBuildFile; fileRef = 886286AD1CF694F7007D8C94 /* MealTableViewCell.swift */; };
		886286C11CF694F7007D8C94 /* MealTableViewController.swift in Sources */ = {isa = PBXBuildFile; fileRef = 886286AE1CF694F7007D8C94 /* MealTableViewController.swift */; };
		886286C21CF694F7007D8C94 /* PhotoGalleryCropping.swift in Sources */ = {isa = PBXBuildFile; fileRef = 886286AF1CF694F7007D8C94 /* PhotoGalleryCropping.swift */; };
		886286C31CF694F7007D8C94 /* Post.swift in Sources */ = {isa = PBXBuildFile; fileRef = 886286B01CF694F7007D8C94 /* Post.swift */; };
		886286C61CF694F7007D8C94 /* SettingsController.swift in Sources */ = {isa = PBXBuildFile; fileRef = 886286B31CF694F7007D8C94 /* SettingsController.swift */; };
		886286C71CF694F7007D8C94 /* unfilled cookie.png in Resources */ = {isa = PBXBuildFile; fileRef = 886286B41CF694F7007D8C94 /* unfilled cookie.png */; };
		886286C81CF694F7007D8C94 /* UpvoteButton.swift in Sources */ = {isa = PBXBuildFile; fileRef = 886286B51CF694F7007D8C94 /* UpvoteButton.swift */; };
		886286C91CF694F7007D8C94 /* UpvoteControl.swift in Sources */ = {isa = PBXBuildFile; fileRef = 886286B61CF694F7007D8C94 /* UpvoteControl.swift */; };
		886CA0811CF7D31800C58372 /* GoogleService-Info.plist in Resources */ = {isa = PBXBuildFile; fileRef = 886CA0801CF7D31800C58372 /* GoogleService-Info.plist */; };
		88A334E21D3887BC0043C556 /* RefreshContents.xib in Resources */ = {isa = PBXBuildFile; fileRef = 88A334E11D3887BC0043C556 /* RefreshContents.xib */; };
		88A334E41D389D0D0043C556 /* MapKit.framework in Frameworks */ = {isa = PBXBuildFile; fileRef = 88A334E31D389D0D0043C556 /* MapKit.framework */; };
		88A334EA1D39656E0043C556 /* ios in Resources */ = {isa = PBXBuildFile; fileRef = 88A334E91D39656E0043C556 /* ios */; };
		88C71FF61D092017002E26C9 /* SuggestionsController.swift in Sources */ = {isa = PBXBuildFile; fileRef = 88C71FF51D092017002E26C9 /* SuggestionsController.swift */; };
		88C71FF81D092861002E26C9 /* SettingsProfileController.swift in Sources */ = {isa = PBXBuildFile; fileRef = 88C71FF71D092861002E26C9 /* SettingsProfileController.swift */; };
		88C71FFA1D093586002E26C9 /* user.png in Resources */ = {isa = PBXBuildFile; fileRef = 88C71FF91D093586002E26C9 /* user.png */; };
		88D174ED1D29F4F2006284A7 /* home.png in Resources */ = {isa = PBXBuildFile; fileRef = 88D174EC1D29F4F2006284A7 /* home.png */; };
		88D174EF1D2A39C8006284A7 /* edit.png in Resources */ = {isa = PBXBuildFile; fileRef = 88D174EE1D2A39C8006284A7 /* edit.png */; };
		88F77B3B1D10EA2D003B88A2 /* screw.png in Resources */ = {isa = PBXBuildFile; fileRef = 88F77B3A1D10EA2D003B88A2 /* screw.png */; };
		88F77B3F1D10EA8B003B88A2 /* SWRevealViewController.m in Sources */ = {isa = PBXBuildFile; fileRef = 88F77B3E1D10EA8B003B88A2 /* SWRevealViewController.m */; };
		88F77B451D1619C7003B88A2 /* SidebarTableViewController.swift in Sources */ = {isa = PBXBuildFile; fileRef = 88F77B441D1619C7003B88A2 /* SidebarTableViewController.swift */; };
		88F77B471D1769F8003B88A2 /* first_user.png in Resources */ = {isa = PBXBuildFile; fileRef = 88F77B461D1769F8003B88A2 /* first_user.png */; };
		88F77B4D1D176BEF003B88A2 /* feedback.png in Resources */ = {isa = PBXBuildFile; fileRef = 88F77B4C1D176BEF003B88A2 /* feedback.png */; };
/* End PBXBuildFile section */

/* Begin PBXContainerItemProxy section */
		886286831CF693BA007D8C94 /* PBXContainerItemProxy */ = {
			isa = PBXContainerItemProxy;
			containerPortal = 886286661CF693B9007D8C94 /* Project object */;
			proxyType = 1;
			remoteGlobalIDString = 8862866D1CF693B9007D8C94;
			remoteInfo = FocoUnlocked;
		};
		8862868E1CF693BA007D8C94 /* PBXContainerItemProxy */ = {
			isa = PBXContainerItemProxy;
			containerPortal = 886286661CF693B9007D8C94 /* Project object */;
			proxyType = 1;
			remoteGlobalIDString = 8862866D1CF693B9007D8C94;
			remoteInfo = FocoUnlocked;
		};
/* End PBXContainerItemProxy section */

/* Begin PBXFileReference section */
		1C2D6D14CA42DB10CE3CC4BB /* Pods-FocoUnlockedUITests.debug.xcconfig */ = {isa = PBXFileReference; includeInIndex = 1; lastKnownFileType = text.xcconfig; name = "Pods-FocoUnlockedUITests.debug.xcconfig"; path = "Pods/Target Support Files/Pods-FocoUnlockedUITests/Pods-FocoUnlockedUITests.debug.xcconfig"; sourceTree = "<group>"; };
		4017D2019F3DF21AA64775D5 /* Pods_FocoUnlockedUITests.framework */ = {isa = PBXFileReference; explicitFileType = wrapper.framework; includeInIndex = 0; path = Pods_FocoUnlockedUITests.framework; sourceTree = BUILT_PRODUCTS_DIR; };
		58CCA18E3340271B365D13BC /* Pods-FocoUnlocked.debug.xcconfig */ = {isa = PBXFileReference; includeInIndex = 1; lastKnownFileType = text.xcconfig; name = "Pods-FocoUnlocked.debug.xcconfig"; path = "Pods/Target Support Files/Pods-FocoUnlocked/Pods-FocoUnlocked.debug.xcconfig"; sourceTree = "<group>"; };
		59585F6903AE25584EB4F87F /* Pods-FocoUnlocked.release.xcconfig */ = {isa = PBXFileReference; includeInIndex = 1; lastKnownFileType = text.xcconfig; name = "Pods-FocoUnlocked.release.xcconfig"; path = "Pods/Target Support Files/Pods-FocoUnlocked/Pods-FocoUnlocked.release.xcconfig"; sourceTree = "<group>"; };
		881EC9081D47CF0D0071A097 /* FeedController.swift */ = {isa = PBXFileReference; fileEncoding = 4; lastKnownFileType = sourcecode.swift; path = FeedController.swift; sourceTree = "<group>"; };
		881EC90A1D47CF220071A097 /* menu_dark.png */ = {isa = PBXFileReference; lastKnownFileType = image.png; name = menu_dark.png; path = FocoUnlocked/menu_dark.png; sourceTree = "<group>"; };
		881EC90B1D47CF220071A097 /* menu.png */ = {isa = PBXFileReference; lastKnownFileType = image.png; name = menu.png; path = FocoUnlocked/menu.png; sourceTree = "<group>"; };
		881EC90C1D47CF220071A097 /* namefinal.png */ = {isa = PBXFileReference; lastKnownFileType = image.png; name = namefinal.png; path = FocoUnlocked/namefinal.png; sourceTree = "<group>"; };
		881EC90D1D47CF220071A097 /* settings.png */ = {isa = PBXFileReference; lastKnownFileType = image.png; name = settings.png; path = FocoUnlocked/settings.png; sourceTree = "<group>"; };
		8862866E1CF693B9007D8C94 /* FocoUnlocked.app */ = {isa = PBXFileReference; explicitFileType = wrapper.application; includeInIndex = 0; path = FocoUnlocked.app; sourceTree = BUILT_PRODUCTS_DIR; };
		886286711CF693B9007D8C94 /* AppDelegate.swift */ = {isa = PBXFileReference; lastKnownFileType = sourcecode.swift; path = AppDelegate.swift; sourceTree = "<group>"; };
		886286731CF693B9007D8C94 /* ViewController.swift */ = {isa = PBXFileReference; lastKnownFileType = sourcecode.swift; path = ViewController.swift; sourceTree = "<group>"; };
		886286781CF693B9007D8C94 /* Assets.xcassets */ = {isa = PBXFileReference; lastKnownFileType = folder.assetcatalog; path = Assets.xcassets; sourceTree = "<group>"; };
		8862867B1CF693B9007D8C94 /* Base */ = {isa = PBXFileReference; lastKnownFileType = file.storyboard; name = Base; path = Base.lproj/LaunchScreen.storyboard; sourceTree = "<group>"; };
		8862867D1CF693B9007D8C94 /* Info.plist */ = {isa = PBXFileReference; lastKnownFileType = text.plist.xml; path = Info.plist; sourceTree = "<group>"; };
		886286821CF693BA007D8C94 /* FocoUnlockedTests.xctest */ = {isa = PBXFileReference; explicitFileType = wrapper.cfbundle; includeInIndex = 0; path = FocoUnlockedTests.xctest; sourceTree = BUILT_PRODUCTS_DIR; };
		886286861CF693BA007D8C94 /* FocoUnlockedTests.swift */ = {isa = PBXFileReference; lastKnownFileType = sourcecode.swift; path = FocoUnlockedTests.swift; sourceTree = "<group>"; };
		886286881CF693BA007D8C94 /* Info.plist */ = {isa = PBXFileReference; lastKnownFileType = text.plist.xml; path = Info.plist; sourceTree = "<group>"; };
		8862868D1CF693BA007D8C94 /* FocoUnlockedUITests.xctest */ = {isa = PBXFileReference; explicitFileType = wrapper.cfbundle; includeInIndex = 0; path = FocoUnlockedUITests.xctest; sourceTree = BUILT_PRODUCTS_DIR; };
		886286911CF693BA007D8C94 /* FocoUnlockedUITests.swift */ = {isa = PBXFileReference; lastKnownFileType = sourcecode.swift; path = FocoUnlockedUITests.swift; sourceTree = "<group>"; };
		886286931CF693BA007D8C94 /* Info.plist */ = {isa = PBXFileReference; lastKnownFileType = text.plist.xml; path = Info.plist; sourceTree = "<group>"; };
		886286A21CF694A9007D8C94 /* Base */ = {isa = PBXFileReference; lastKnownFileType = file.storyboard; name = Base; path = Base.lproj/Main.storyboard; sourceTree = "<group>"; };
		886286A41CF694F7007D8C94 /* BaseService.swift */ = {isa = PBXFileReference; fileEncoding = 4; lastKnownFileType = sourcecode.swift; path = BaseService.swift; sourceTree = "<group>"; };
		886286A61CF694F7007D8C94 /* CreateAccountViewController.swift */ = {isa = PBXFileReference; fileEncoding = 4; lastKnownFileType = sourcecode.swift; path = CreateAccountViewController.swift; sourceTree = "<group>"; };
		886286A71CF694F7007D8C94 /* DataService.swift */ = {isa = PBXFileReference; fileEncoding = 4; lastKnownFileType = sourcecode.swift; path = DataService.swift; sourceTree = "<group>"; };
		886286A81CF694F7007D8C94 /* DetailPostViewController.swift */ = {isa = PBXFileReference; fileEncoding = 4; lastKnownFileType = sourcecode.swift; path = DetailPostViewController.swift; sourceTree = "<group>"; };
		886286A91CF694F7007D8C94 /* filled cookie.png */ = {isa = PBXFileReference; lastKnownFileType = image.png; name = "filled cookie.png"; path = "FocoUnlocked/filled cookie.png"; sourceTree = "<group>"; };
		886286AB1CF694F7007D8C94 /* LoginViewController.swift */ = {isa = PBXFileReference; fileEncoding = 4; lastKnownFileType = sourcecode.swift; path = LoginViewController.swift; sourceTree = "<group>"; };
		886286AC1CF694F7007D8C94 /* Meal.swift */ = {isa = PBXFileReference; fileEncoding = 4; lastKnownFileType = sourcecode.swift; path = Meal.swift; sourceTree = "<group>"; };
		886286AD1CF694F7007D8C94 /* MealTableViewCell.swift */ = {isa = PBXFileReference; fileEncoding = 4; lastKnownFileType = sourcecode.swift; path = MealTableViewCell.swift; sourceTree = "<group>"; };
		886286AE1CF694F7007D8C94 /* MealTableViewController.swift */ = {isa = PBXFileReference; fileEncoding = 4; lastKnownFileType = sourcecode.swift; path = MealTableViewController.swift; sourceTree = "<group>"; };
		886286AF1CF694F7007D8C94 /* PhotoGalleryCropping.swift */ = {isa = PBXFileReference; fileEncoding = 4; lastKnownFileType = sourcecode.swift; path = PhotoGalleryCropping.swift; sourceTree = "<group>"; };
		886286B01CF694F7007D8C94 /* Post.swift */ = {isa = PBXFileReference; fileEncoding = 4; lastKnownFileType = sourcecode.swift; path = Post.swift; sourceTree = "<group>"; };
		886286B31CF694F7007D8C94 /* SettingsController.swift */ = {isa = PBXFileReference; fileEncoding = 4; lastKnownFileType = sourcecode.swift; path = SettingsController.swift; sourceTree = "<group>"; };
		886286B41CF694F7007D8C94 /* unfilled cookie.png */ = {isa = PBXFileReference; lastKnownFileType = image.png; name = "unfilled cookie.png"; path = "FocoUnlocked/unfilled cookie.png"; sourceTree = "<group>"; };
		886286B51CF694F7007D8C94 /* UpvoteButton.swift */ = {isa = PBXFileReference; fileEncoding = 4; lastKnownFileType = sourcecode.swift; path = UpvoteButton.swift; sourceTree = "<group>"; };
		886286B61CF694F7007D8C94 /* UpvoteControl.swift */ = {isa = PBXFileReference; fileEncoding = 4; lastKnownFileType = sourcecode.swift; path = UpvoteControl.swift; sourceTree = "<group>"; };
		886CA0801CF7D31800C58372 /* GoogleService-Info.plist */ = {isa = PBXFileReference; fileEncoding = 4; lastKnownFileType = text.plist.xml; path = "GoogleService-Info.plist"; sourceTree = "<group>"; };
		88A334E11D3887BC0043C556 /* RefreshContents.xib */ = {isa = PBXFileReference; fileEncoding = 4; lastKnownFileType = file.xib; name = RefreshContents.xib; path = ../Pods/RefreshContents.xib; sourceTree = "<group>"; };
		88A334E31D389D0D0043C556 /* MapKit.framework */ = {isa = PBXFileReference; lastKnownFileType = wrapper.framework; name = MapKit.framework; path = System/Library/Frameworks/MapKit.framework; sourceTree = SDKROOT; };
		88A334E91D39656E0043C556 /* ios */ = {isa = PBXFileReference; lastKnownFileType = folder; path = ios; sourceTree = "<group>"; };
		88C71FF51D092017002E26C9 /* SuggestionsController.swift */ = {isa = PBXFileReference; fileEncoding = 4; lastKnownFileType = sourcecode.swift; path = SuggestionsController.swift; sourceTree = "<group>"; };
		88C71FF71D092861002E26C9 /* SettingsProfileController.swift */ = {isa = PBXFileReference; fileEncoding = 4; lastKnownFileType = sourcecode.swift; path = SettingsProfileController.swift; sourceTree = "<group>"; };
		88C71FF91D093586002E26C9 /* user.png */ = {isa = PBXFileReference; lastKnownFileType = image.png; name = user.png; path = FocoUnlocked/user.png; sourceTree = "<group>"; };
		88D174EC1D29F4F2006284A7 /* home.png */ = {isa = PBXFileReference; lastKnownFileType = image.png; name = home.png; path = FocoUnlocked/home.png; sourceTree = "<group>"; };
		88D174EE1D2A39C8006284A7 /* edit.png */ = {isa = PBXFileReference; lastKnownFileType = image.png; name = edit.png; path = FocoUnlocked/edit.png; sourceTree = "<group>"; };
		88F77B3A1D10EA2D003B88A2 /* screw.png */ = {isa = PBXFileReference; lastKnownFileType = image.png; name = screw.png; path = FocoUnlocked/screw.png; sourceTree = "<group>"; };
		88F77B3C1D10EA8A003B88A2 /* FocoUnlocked-Bridging-Header.h */ = {isa = PBXFileReference; lastKnownFileType = sourcecode.c.h; path = "FocoUnlocked-Bridging-Header.h"; sourceTree = "<group>"; };
		88F77B3D1D10EA8B003B88A2 /* SWRevealViewController.h */ = {isa = PBXFileReference; fileEncoding = 4; lastKnownFileType = sourcecode.c.h; path = SWRevealViewController.h; sourceTree = "<group>"; };
		88F77B3E1D10EA8B003B88A2 /* SWRevealViewController.m */ = {isa = PBXFileReference; fileEncoding = 4; lastKnownFileType = sourcecode.c.objc; path = SWRevealViewController.m; sourceTree = "<group>"; };
		88F77B441D1619C7003B88A2 /* SidebarTableViewController.swift */ = {isa = PBXFileReference; fileEncoding = 4; lastKnownFileType = sourcecode.swift; path = SidebarTableViewController.swift; sourceTree = "<group>"; };
		88F77B461D1769F8003B88A2 /* first_user.png */ = {isa = PBXFileReference; lastKnownFileType = image.png; name = first_user.png; path = FocoUnlocked/first_user.png; sourceTree = "<group>"; };
		88F77B4A1D176B98003B88A2 /* feedback.png */ = {isa = PBXFileReference; lastKnownFileType = image.png; name = feedback.png; path = FocoUnlocked/feedback.png; sourceTree = "<group>"; };
		88F77B4C1D176BEF003B88A2 /* feedback.png */ = {isa = PBXFileReference; lastKnownFileType = image.png; name = feedback.png; path = FocoUnlocked/feedback.png; sourceTree = "<group>"; };
		8A55E4355A293416EFA7A280 /* Pods_FocoUnlockedTests.framework */ = {isa = PBXFileReference; explicitFileType = wrapper.framework; includeInIndex = 0; path = Pods_FocoUnlockedTests.framework; sourceTree = BUILT_PRODUCTS_DIR; };
		977A905C38D973452EFB81F2 /* Pods-FocoUnlockedTests.debug.xcconfig */ = {isa = PBXFileReference; includeInIndex = 1; lastKnownFileType = text.xcconfig; name = "Pods-FocoUnlockedTests.debug.xcconfig"; path = "Pods/Target Support Files/Pods-FocoUnlockedTests/Pods-FocoUnlockedTests.debug.xcconfig"; sourceTree = "<group>"; };
		CB54249EEBAC7CB77F9A2573 /* Pods_FocoUnlocked.framework */ = {isa = PBXFileReference; explicitFileType = wrapper.framework; includeInIndex = 0; path = Pods_FocoUnlocked.framework; sourceTree = BUILT_PRODUCTS_DIR; };
		E30FF048EA40B1D73F496EAC /* Pods-FocoUnlockedUITests.release.xcconfig */ = {isa = PBXFileReference; includeInIndex = 1; lastKnownFileType = text.xcconfig; name = "Pods-FocoUnlockedUITests.release.xcconfig"; path = "Pods/Target Support Files/Pods-FocoUnlockedUITests/Pods-FocoUnlockedUITests.release.xcconfig"; sourceTree = "<group>"; };
		EF823C347FEC231213042121 /* Pods-FocoUnlockedTests.release.xcconfig */ = {isa = PBXFileReference; includeInIndex = 1; lastKnownFileType = text.xcconfig; name = "Pods-FocoUnlockedTests.release.xcconfig"; path = "Pods/Target Support Files/Pods-FocoUnlockedTests/Pods-FocoUnlockedTests.release.xcconfig"; sourceTree = "<group>"; };
/* End PBXFileReference section */

/* Begin PBXFrameworksBuildPhase section */
		8862866B1CF693B9007D8C94 /* Frameworks */ = {
			isa = PBXFrameworksBuildPhase;
			buildActionMask = 2147483647;
			files = (
				88A334E41D389D0D0043C556 /* MapKit.framework in Frameworks */,
				5B58055E39DA5D2405E6EC5C /* Pods_FocoUnlocked.framework in Frameworks */,
			);
			runOnlyForDeploymentPostprocessing = 0;
		};
		8862867F1CF693BA007D8C94 /* Frameworks */ = {
			isa = PBXFrameworksBuildPhase;
			buildActionMask = 2147483647;
			files = (
				4075376034636521DCAC6FD6 /* Pods_FocoUnlockedTests.framework in Frameworks */,
			);
			runOnlyForDeploymentPostprocessing = 0;
		};
		8862868A1CF693BA007D8C94 /* Frameworks */ = {
			isa = PBXFrameworksBuildPhase;
			buildActionMask = 2147483647;
			files = (
				68E464EBCD3185C1D67454C2 /* Pods_FocoUnlockedUITests.framework in Frameworks */,
			);
			runOnlyForDeploymentPostprocessing = 0;
		};
/* End PBXFrameworksBuildPhase section */

/* Begin PBXGroup section */
		886286651CF693B9007D8C94 = {
			isa = PBXGroup;
			children = (
				88C71FF21D07470D002E26C9 /* Images */,
				886286701CF693B9007D8C94 /* FocoUnlocked */,
				886286851CF693BA007D8C94 /* FocoUnlockedTests */,
				886286901CF693BA007D8C94 /* FocoUnlockedUITests */,
				8862866F1CF693B9007D8C94 /* Products */,
				E0B4E90BF24D1D91957AEA80 /* Pods */,
				E95CF68BA001D4CA08F03574 /* Frameworks */,
			);
			sourceTree = "<group>";
		};
		8862866F1CF693B9007D8C94 /* Products */ = {
			isa = PBXGroup;
			children = (
				8862866E1CF693B9007D8C94 /* FocoUnlocked.app */,
				886286821CF693BA007D8C94 /* FocoUnlockedTests.xctest */,
				8862868D1CF693BA007D8C94 /* FocoUnlockedUITests.xctest */,
			);
			name = Products;
			sourceTree = "<group>";
		};
		886286701CF693B9007D8C94 /* FocoUnlocked */ = {
			isa = PBXGroup;
			children = (
				881EC9081D47CF0D0071A097 /* FeedController.swift */,
				886286711CF693B9007D8C94 /* AppDelegate.swift */,
				886286731CF693B9007D8C94 /* ViewController.swift */,
				886286A11CF694A9007D8C94 /* Main.storyboard */,
				88F77B441D1619C7003B88A2 /* SidebarTableViewController.swift */,
				88C71FF71D092861002E26C9 /* SettingsProfileController.swift */,
				88C71FF51D092017002E26C9 /* SuggestionsController.swift */,
				88F77B3D1D10EA8B003B88A2 /* SWRevealViewController.h */,
				88F77B3E1D10EA8B003B88A2 /* SWRevealViewController.m */,
				886286A41CF694F7007D8C94 /* BaseService.swift */,
				886286A61CF694F7007D8C94 /* CreateAccountViewController.swift */,
				886286A71CF694F7007D8C94 /* DataService.swift */,
				886286A81CF694F7007D8C94 /* DetailPostViewController.swift */,
				886CA0801CF7D31800C58372 /* GoogleService-Info.plist */,
				886286AB1CF694F7007D8C94 /* LoginViewController.swift */,
				886286AC1CF694F7007D8C94 /* Meal.swift */,
				886286AD1CF694F7007D8C94 /* MealTableViewCell.swift */,
				886286AE1CF694F7007D8C94 /* MealTableViewController.swift */,
				886286AF1CF694F7007D8C94 /* PhotoGalleryCropping.swift */,
				886286B01CF694F7007D8C94 /* Post.swift */,
				886286B31CF694F7007D8C94 /* SettingsController.swift */,
				886286B51CF694F7007D8C94 /* UpvoteButton.swift */,
				886286B61CF694F7007D8C94 /* UpvoteControl.swift */,
				886286781CF693B9007D8C94 /* Assets.xcassets */,
				88A334E11D3887BC0043C556 /* RefreshContents.xib */,
				8862867A1CF693B9007D8C94 /* LaunchScreen.storyboard */,
				8862867D1CF693B9007D8C94 /* Info.plist */,
				88F77B3C1D10EA8A003B88A2 /* FocoUnlocked-Bridging-Header.h */,
			);
			path = FocoUnlocked;
			sourceTree = "<group>";
		};
		886286851CF693BA007D8C94 /* FocoUnlockedTests */ = {
			isa = PBXGroup;
			children = (
				886286861CF693BA007D8C94 /* FocoUnlockedTests.swift */,
				886286881CF693BA007D8C94 /* Info.plist */,
			);
			path = FocoUnlockedTests;
			sourceTree = "<group>";
		};
		886286901CF693BA007D8C94 /* FocoUnlockedUITests */ = {
			isa = PBXGroup;
			children = (
				886286911CF693BA007D8C94 /* FocoUnlockedUITests.swift */,
				886286931CF693BA007D8C94 /* Info.plist */,
			);
			path = FocoUnlockedUITests;
			sourceTree = "<group>";
		};
		88C71FF21D07470D002E26C9 /* Images */ = {
			isa = PBXGroup;
			children = (
				88A334E91D39656E0043C556 /* ios */,
				88F77B461D1769F8003B88A2 /* first_user.png */,
				88F77B4A1D176B98003B88A2 /* feedback.png */,
				88C71FF91D093586002E26C9 /* user.png */,
				886286B41CF694F7007D8C94 /* unfilled cookie.png */,
				881EC90A1D47CF220071A097 /* menu_dark.png */,
				881EC90B1D47CF220071A097 /* menu.png */,
				881EC90C1D47CF220071A097 /* namefinal.png */,
				881EC90D1D47CF220071A097 /* settings.png */,
				88F77B4C1D176BEF003B88A2 /* feedback.png */,
				88D174EC1D29F4F2006284A7 /* home.png */,
				88F77B3A1D10EA2D003B88A2 /* screw.png */,
				88D174EE1D2A39C8006284A7 /* edit.png */,
				886286A91CF694F7007D8C94 /* filled cookie.png */,
			);
			name = Images;
			sourceTree = "<group>";
		};
		E0B4E90BF24D1D91957AEA80 /* Pods */ = {
			isa = PBXGroup;
			children = (
				58CCA18E3340271B365D13BC /* Pods-FocoUnlocked.debug.xcconfig */,
				59585F6903AE25584EB4F87F /* Pods-FocoUnlocked.release.xcconfig */,
				977A905C38D973452EFB81F2 /* Pods-FocoUnlockedTests.debug.xcconfig */,
				EF823C347FEC231213042121 /* Pods-FocoUnlockedTests.release.xcconfig */,
				1C2D6D14CA42DB10CE3CC4BB /* Pods-FocoUnlockedUITests.debug.xcconfig */,
				E30FF048EA40B1D73F496EAC /* Pods-FocoUnlockedUITests.release.xcconfig */,
			);
			name = Pods;
			sourceTree = "<group>";
		};
		E95CF68BA001D4CA08F03574 /* Frameworks */ = {
			isa = PBXGroup;
			children = (
				88A334E31D389D0D0043C556 /* MapKit.framework */,
				CB54249EEBAC7CB77F9A2573 /* Pods_FocoUnlocked.framework */,
				8A55E4355A293416EFA7A280 /* Pods_FocoUnlockedTests.framework */,
				4017D2019F3DF21AA64775D5 /* Pods_FocoUnlockedUITests.framework */,
			);
			name = Frameworks;
			sourceTree = "<group>";
		};
/* End PBXGroup section */

/* Begin PBXNativeTarget section */
		8862866D1CF693B9007D8C94 /* FocoUnlocked */ = {
			isa = PBXNativeTarget;
			buildConfigurationList = 886286961CF693BA007D8C94 /* Build configuration list for PBXNativeTarget "FocoUnlocked" */;
			buildPhases = (
				D026B0ED07B53F58ECD417FF /* [CP] Check Pods Manifest.lock */,
				8862866A1CF693B9007D8C94 /* Sources */,
				8862866B1CF693B9007D8C94 /* Frameworks */,
				8862866C1CF693B9007D8C94 /* Resources */,
				17C81EC9B48626B808886574 /* [CP] Embed Pods Frameworks */,
				FB37F38EECF06275FDB774EE /* [CP] Copy Pods Resources */,
			);
			buildRules = (
			);
			dependencies = (
			);
			name = FocoUnlocked;
			productName = FocoUnlocked;
			productReference = 8862866E1CF693B9007D8C94 /* FocoUnlocked.app */;
			productType = "com.apple.product-type.application";
		};
		886286811CF693BA007D8C94 /* FocoUnlockedTests */ = {
			isa = PBXNativeTarget;
			buildConfigurationList = 886286991CF693BA007D8C94 /* Build configuration list for PBXNativeTarget "FocoUnlockedTests" */;
			buildPhases = (
				9110B88B9B2024178EFEC4DC /* [CP] Check Pods Manifest.lock */,
				8862867E1CF693BA007D8C94 /* Sources */,
				8862867F1CF693BA007D8C94 /* Frameworks */,
				886286801CF693BA007D8C94 /* Resources */,
				7A445D1CB72A33304050E40F /* [CP] Embed Pods Frameworks */,
				F6F5347EFF9F79A0775EA56B /* [CP] Copy Pods Resources */,
			);
			buildRules = (
			);
			dependencies = (
				886286841CF693BA007D8C94 /* PBXTargetDependency */,
			);
			name = FocoUnlockedTests;
			productName = FocoUnlockedTests;
			productReference = 886286821CF693BA007D8C94 /* FocoUnlockedTests.xctest */;
			productType = "com.apple.product-type.bundle.unit-test";
		};
		8862868C1CF693BA007D8C94 /* FocoUnlockedUITests */ = {
			isa = PBXNativeTarget;
			buildConfigurationList = 8862869C1CF693BA007D8C94 /* Build configuration list for PBXNativeTarget "FocoUnlockedUITests" */;
			buildPhases = (
				C19B324CEE1CF2F95B927898 /* [CP] Check Pods Manifest.lock */,
				886286891CF693BA007D8C94 /* Sources */,
				8862868A1CF693BA007D8C94 /* Frameworks */,
				8862868B1CF693BA007D8C94 /* Resources */,
				33A2F3E0412A8B574FB922EE /* [CP] Copy Pods Resources */,
			);
			buildRules = (
			);
			dependencies = (
				8862868F1CF693BA007D8C94 /* PBXTargetDependency */,
			);
			name = FocoUnlockedUITests;
			productName = FocoUnlockedUITests;
			productReference = 8862868D1CF693BA007D8C94 /* FocoUnlockedUITests.xctest */;
			productType = "com.apple.product-type.bundle.ui-testing";
		};
/* End PBXNativeTarget section */

/* Begin PBXProject section */
		886286661CF693B9007D8C94 /* Project object */ = {
			isa = PBXProject;
			attributes = {
				LastSwiftUpdateCheck = 0720;
				LastUpgradeCheck = 0730;
				ORGANIZATIONNAME = "Sudikoff Lab iMac";
				TargetAttributes = {
					8862866D1CF693B9007D8C94 = {
						CreatedOnToolsVersion = 7.2;
						DevelopmentTeam = FS2L42NVCT;
					};
					886286811CF693BA007D8C94 = {
						CreatedOnToolsVersion = 7.2;
						DevelopmentTeam = 7SNLCB4JQ2;
						TestTargetID = 8862866D1CF693B9007D8C94;
					};
					8862868C1CF693BA007D8C94 = {
						CreatedOnToolsVersion = 7.2;
						DevelopmentTeam = 7SNLCB4JQ2;
						TestTargetID = 8862866D1CF693B9007D8C94;
					};
				};
			};
			buildConfigurationList = 886286691CF693B9007D8C94 /* Build configuration list for PBXProject "FocoUnlocked" */;
			compatibilityVersion = "Xcode 3.2";
			developmentRegion = English;
			hasScannedForEncodings = 0;
			knownRegions = (
				en,
				Base,
			);
			mainGroup = 886286651CF693B9007D8C94;
			productRefGroup = 8862866F1CF693B9007D8C94 /* Products */;
			projectDirPath = "";
			projectRoot = "";
			targets = (
				8862866D1CF693B9007D8C94 /* FocoUnlocked */,
				886286811CF693BA007D8C94 /* FocoUnlockedTests */,
				8862868C1CF693BA007D8C94 /* FocoUnlockedUITests */,
			);
		};
/* End PBXProject section */

/* Begin PBXResourcesBuildPhase section */
		8862866C1CF693B9007D8C94 /* Resources */ = {
			isa = PBXResourcesBuildPhase;
			buildActionMask = 2147483647;
			files = (
				88A334E21D3887BC0043C556 /* RefreshContents.xib in Resources */,
				8862867C1CF693B9007D8C94 /* LaunchScreen.storyboard in Resources */,
				88F77B471D1769F8003B88A2 /* first_user.png in Resources */,
				886286C71CF694F7007D8C94 /* unfilled cookie.png in Resources */,
				88C71FFA1D093586002E26C9 /* user.png in Resources */,
				88F77B4D1D176BEF003B88A2 /* feedback.png in Resources */,
				88D174ED1D29F4F2006284A7 /* home.png in Resources */,
				88F77B3B1D10EA2D003B88A2 /* screw.png in Resources */,
				881EC90F1D47CF220071A097 /* menu.png in Resources */,
				88D174EF1D2A39C8006284A7 /* edit.png in Resources */,
				886286791CF693B9007D8C94 /* Assets.xcassets in Resources */,
				88A334EA1D39656E0043C556 /* ios in Resources */,
				886CA0811CF7D31800C58372 /* GoogleService-Info.plist in Resources */,
				886286BC1CF694F7007D8C94 /* filled cookie.png in Resources */,
				881EC9101D47CF220071A097 /* namefinal.png in Resources */,
				881EC9111D47CF220071A097 /* settings.png in Resources */,
				881EC90E1D47CF220071A097 /* menu_dark.png in Resources */,
				886286A31CF694A9007D8C94 /* Main.storyboard in Resources */,
			);
			runOnlyForDeploymentPostprocessing = 0;
		};
		886286801CF693BA007D8C94 /* Resources */ = {
			isa = PBXResourcesBuildPhase;
			buildActionMask = 2147483647;
			files = (
			);
			runOnlyForDeploymentPostprocessing = 0;
		};
		8862868B1CF693BA007D8C94 /* Resources */ = {
			isa = PBXResourcesBuildPhase;
			buildActionMask = 2147483647;
			files = (
			);
			runOnlyForDeploymentPostprocessing = 0;
		};
/* End PBXResourcesBuildPhase section */

/* Begin PBXShellScriptBuildPhase section */
		17C81EC9B48626B808886574 /* [CP] Embed Pods Frameworks */ = {
			isa = PBXShellScriptBuildPhase;
			buildActionMask = 2147483647;
			files = (
			);
			inputPaths = (
			);
			name = "[CP] Embed Pods Frameworks";
			outputPaths = (
			);
			runOnlyForDeploymentPostprocessing = 0;
			shellPath = /bin/sh;
			shellScript = "\"${SRCROOT}/Pods/Target Support Files/Pods-FocoUnlocked/Pods-FocoUnlocked-frameworks.sh\"\n";
			showEnvVarsInLog = 0;
		};
		33A2F3E0412A8B574FB922EE /* [CP] Copy Pods Resources */ = {
			isa = PBXShellScriptBuildPhase;
			buildActionMask = 2147483647;
			files = (
			);
			inputPaths = (
			);
			name = "[CP] Copy Pods Resources";
			outputPaths = (
			);
			runOnlyForDeploymentPostprocessing = 0;
			shellPath = /bin/sh;
			shellScript = "\"${SRCROOT}/Pods/Target Support Files/Pods-FocoUnlockedUITests/Pods-FocoUnlockedUITests-resources.sh\"\n";
			showEnvVarsInLog = 0;
		};
		7A445D1CB72A33304050E40F /* [CP] Embed Pods Frameworks */ = {
			isa = PBXShellScriptBuildPhase;
			buildActionMask = 2147483647;
			files = (
			);
			inputPaths = (
			);
			name = "[CP] Embed Pods Frameworks";
			outputPaths = (
			);
			runOnlyForDeploymentPostprocessing = 0;
			shellPath = /bin/sh;
			shellScript = "\"${SRCROOT}/Pods/Target Support Files/Pods-FocoUnlockedTests/Pods-FocoUnlockedTests-frameworks.sh\"\n";
			showEnvVarsInLog = 0;
		};
		9110B88B9B2024178EFEC4DC /* [CP] Check Pods Manifest.lock */ = {
			isa = PBXShellScriptBuildPhase;
			buildActionMask = 2147483647;
			files = (
			);
			inputPaths = (
			);
			name = "[CP] Check Pods Manifest.lock";
			outputPaths = (
			);
			runOnlyForDeploymentPostprocessing = 0;
			shellPath = /bin/sh;
			shellScript = "diff \"${PODS_ROOT}/../Podfile.lock\" \"${PODS_ROOT}/Manifest.lock\" > /dev/null\nif [[ $? != 0 ]] ; then\n    cat << EOM\nerror: The sandbox is not in sync with the Podfile.lock. Run 'pod install' or update your CocoaPods installation.\nEOM\n    exit 1\nfi\n";
			showEnvVarsInLog = 0;
		};
		C19B324CEE1CF2F95B927898 /* [CP] Check Pods Manifest.lock */ = {
			isa = PBXShellScriptBuildPhase;
			buildActionMask = 2147483647;
			files = (
			);
			inputPaths = (
			);
			name = "[CP] Check Pods Manifest.lock";
			outputPaths = (
			);
			runOnlyForDeploymentPostprocessing = 0;
			shellPath = /bin/sh;
			shellScript = "diff \"${PODS_ROOT}/../Podfile.lock\" \"${PODS_ROOT}/Manifest.lock\" > /dev/null\nif [[ $? != 0 ]] ; then\n    cat << EOM\nerror: The sandbox is not in sync with the Podfile.lock. Run 'pod install' or update your CocoaPods installation.\nEOM\n    exit 1\nfi\n";
			showEnvVarsInLog = 0;
		};
		D026B0ED07B53F58ECD417FF /* [CP] Check Pods Manifest.lock */ = {
			isa = PBXShellScriptBuildPhase;
			buildActionMask = 2147483647;
			files = (
			);
			inputPaths = (
			);
			name = "[CP] Check Pods Manifest.lock";
			outputPaths = (
			);
			runOnlyForDeploymentPostprocessing = 0;
			shellPath = /bin/sh;
			shellScript = "diff \"${PODS_ROOT}/../Podfile.lock\" \"${PODS_ROOT}/Manifest.lock\" > /dev/null\nif [[ $? != 0 ]] ; then\n    cat << EOM\nerror: The sandbox is not in sync with the Podfile.lock. Run 'pod install' or update your CocoaPods installation.\nEOM\n    exit 1\nfi\n";
			showEnvVarsInLog = 0;
		};
		F6F5347EFF9F79A0775EA56B /* [CP] Copy Pods Resources */ = {
			isa = PBXShellScriptBuildPhase;
			buildActionMask = 2147483647;
			files = (
			);
			inputPaths = (
			);
			name = "[CP] Copy Pods Resources";
			outputPaths = (
			);
			runOnlyForDeploymentPostprocessing = 0;
			shellPath = /bin/sh;
			shellScript = "\"${SRCROOT}/Pods/Target Support Files/Pods-FocoUnlockedTests/Pods-FocoUnlockedTests-resources.sh\"\n";
			showEnvVarsInLog = 0;
		};
		FB37F38EECF06275FDB774EE /* [CP] Copy Pods Resources */ = {
			isa = PBXShellScriptBuildPhase;
			buildActionMask = 2147483647;
			files = (
			);
			inputPaths = (
			);
			name = "[CP] Copy Pods Resources";
			outputPaths = (
			);
			runOnlyForDeploymentPostprocessing = 0;
			shellPath = /bin/sh;
			shellScript = "\"${SRCROOT}/Pods/Target Support Files/Pods-FocoUnlocked/Pods-FocoUnlocked-resources.sh\"\n";
			showEnvVarsInLog = 0;
		};
/* End PBXShellScriptBuildPhase section */

/* Begin PBXSourcesBuildPhase section */
		8862866A1CF693B9007D8C94 /* Sources */ = {
			isa = PBXSourcesBuildPhase;
			buildActionMask = 2147483647;
			files = (
				886286BF1CF694F7007D8C94 /* Meal.swift in Sources */,
				886286C91CF694F7007D8C94 /* UpvoteControl.swift in Sources */,
				886286C01CF694F7007D8C94 /* MealTableViewCell.swift in Sources */,
				886286C61CF694F7007D8C94 /* SettingsController.swift in Sources */,
				88F77B451D1619C7003B88A2 /* SidebarTableViewController.swift in Sources */,
				886286BE1CF694F7007D8C94 /* LoginViewController.swift in Sources */,
				88F77B3F1D10EA8B003B88A2 /* SWRevealViewController.m in Sources */,
				88C71FF61D092017002E26C9 /* SuggestionsController.swift in Sources */,
				886286B91CF694F7007D8C94 /* CreateAccountViewController.swift in Sources */,
				886286C81CF694F7007D8C94 /* UpvoteButton.swift in Sources */,
				886286BB1CF694F7007D8C94 /* DetailPostViewController.swift in Sources */,
				886286C31CF694F7007D8C94 /* Post.swift in Sources */,
				881EC9091D47CF0D0071A097 /* FeedController.swift in Sources */,
				886286741CF693B9007D8C94 /* ViewController.swift in Sources */,
				886286C21CF694F7007D8C94 /* PhotoGalleryCropping.swift in Sources */,
				886286721CF693B9007D8C94 /* AppDelegate.swift in Sources */,
				88C71FF81D092861002E26C9 /* SettingsProfileController.swift in Sources */,
				886286BA1CF694F7007D8C94 /* DataService.swift in Sources */,
				886286B71CF694F7007D8C94 /* BaseService.swift in Sources */,
				886286C11CF694F7007D8C94 /* MealTableViewController.swift in Sources */,
			);
			runOnlyForDeploymentPostprocessing = 0;
		};
		8862867E1CF693BA007D8C94 /* Sources */ = {
			isa = PBXSourcesBuildPhase;
			buildActionMask = 2147483647;
			files = (
				886286871CF693BA007D8C94 /* FocoUnlockedTests.swift in Sources */,
			);
			runOnlyForDeploymentPostprocessing = 0;
		};
		886286891CF693BA007D8C94 /* Sources */ = {
			isa = PBXSourcesBuildPhase;
			buildActionMask = 2147483647;
			files = (
				886286921CF693BA007D8C94 /* FocoUnlockedUITests.swift in Sources */,
			);
			runOnlyForDeploymentPostprocessing = 0;
		};
/* End PBXSourcesBuildPhase section */

/* Begin PBXTargetDependency section */
		886286841CF693BA007D8C94 /* PBXTargetDependency */ = {
			isa = PBXTargetDependency;
			target = 8862866D1CF693B9007D8C94 /* FocoUnlocked */;
			targetProxy = 886286831CF693BA007D8C94 /* PBXContainerItemProxy */;
		};
		8862868F1CF693BA007D8C94 /* PBXTargetDependency */ = {
			isa = PBXTargetDependency;
			target = 8862866D1CF693B9007D8C94 /* FocoUnlocked */;
			targetProxy = 8862868E1CF693BA007D8C94 /* PBXContainerItemProxy */;
		};
/* End PBXTargetDependency section */

/* Begin PBXVariantGroup section */
		8862867A1CF693B9007D8C94 /* LaunchScreen.storyboard */ = {
			isa = PBXVariantGroup;
			children = (
				8862867B1CF693B9007D8C94 /* Base */,
			);
			name = LaunchScreen.storyboard;
			sourceTree = "<group>";
		};
		886286A11CF694A9007D8C94 /* Main.storyboard */ = {
			isa = PBXVariantGroup;
			children = (
				886286A21CF694A9007D8C94 /* Base */,
			);
			name = Main.storyboard;
			sourceTree = "<group>";
		};
/* End PBXVariantGroup section */

/* Begin XCBuildConfiguration section */
		886286941CF693BA007D8C94 /* Debug */ = {
			isa = XCBuildConfiguration;
			buildSettings = {
				ALWAYS_SEARCH_USER_PATHS = NO;
				CLANG_CXX_LANGUAGE_STANDARD = "gnu++0x";
				CLANG_CXX_LIBRARY = "libc++";
				CLANG_ENABLE_MODULES = YES;
				CLANG_ENABLE_OBJC_ARC = YES;
				CLANG_WARN_BOOL_CONVERSION = YES;
				CLANG_WARN_CONSTANT_CONVERSION = YES;
				CLANG_WARN_DIRECT_OBJC_ISA_USAGE = YES_ERROR;
				CLANG_WARN_EMPTY_BODY = YES;
				CLANG_WARN_ENUM_CONVERSION = YES;
				CLANG_WARN_INT_CONVERSION = YES;
				CLANG_WARN_OBJC_ROOT_CLASS = YES_ERROR;
				CLANG_WARN_UNREACHABLE_CODE = YES;
				CLANG_WARN__DUPLICATE_METHOD_MATCH = YES;
				"CODE_SIGN_IDENTITY[sdk=iphoneos*]" = "iPhone Developer";
				COPY_PHASE_STRIP = NO;
				DEBUG_INFORMATION_FORMAT = dwarf;
				ENABLE_STRICT_OBJC_MSGSEND = YES;
				ENABLE_TESTABILITY = YES;
				GCC_C_LANGUAGE_STANDARD = gnu99;
				GCC_DYNAMIC_NO_PIC = NO;
				GCC_NO_COMMON_BLOCKS = YES;
				GCC_OPTIMIZATION_LEVEL = 0;
				GCC_PREPROCESSOR_DEFINITIONS = (
					"DEBUG=1",
					"$(inherited)",
				);
				GCC_WARN_64_TO_32_BIT_CONVERSION = YES;
				GCC_WARN_ABOUT_RETURN_TYPE = YES_ERROR;
				GCC_WARN_UNDECLARED_SELECTOR = YES;
				GCC_WARN_UNINITIALIZED_AUTOS = YES_AGGRESSIVE;
				GCC_WARN_UNUSED_FUNCTION = YES;
				GCC_WARN_UNUSED_VARIABLE = YES;
				IPHONEOS_DEPLOYMENT_TARGET = 9.2;
				MTL_ENABLE_DEBUG_INFO = YES;
				ONLY_ACTIVE_ARCH = YES;
				SDKROOT = iphoneos;
				SWIFT_OPTIMIZATION_LEVEL = "-Onone";
				TARGETED_DEVICE_FAMILY = "1,2";
			};
			name = Debug;
		};
		886286951CF693BA007D8C94 /* Release */ = {
			isa = XCBuildConfiguration;
			buildSettings = {
				ALWAYS_SEARCH_USER_PATHS = NO;
				CLANG_CXX_LANGUAGE_STANDARD = "gnu++0x";
				CLANG_CXX_LIBRARY = "libc++";
				CLANG_ENABLE_MODULES = YES;
				CLANG_ENABLE_OBJC_ARC = YES;
				CLANG_WARN_BOOL_CONVERSION = YES;
				CLANG_WARN_CONSTANT_CONVERSION = YES;
				CLANG_WARN_DIRECT_OBJC_ISA_USAGE = YES_ERROR;
				CLANG_WARN_EMPTY_BODY = YES;
				CLANG_WARN_ENUM_CONVERSION = YES;
				CLANG_WARN_INT_CONVERSION = YES;
				CLANG_WARN_OBJC_ROOT_CLASS = YES_ERROR;
				CLANG_WARN_UNREACHABLE_CODE = YES;
				CLANG_WARN__DUPLICATE_METHOD_MATCH = YES;
				"CODE_SIGN_IDENTITY[sdk=iphoneos*]" = "iPhone Developer";
				COPY_PHASE_STRIP = NO;
				DEBUG_INFORMATION_FORMAT = "dwarf-with-dsym";
				ENABLE_NS_ASSERTIONS = NO;
				ENABLE_STRICT_OBJC_MSGSEND = YES;
				GCC_C_LANGUAGE_STANDARD = gnu99;
				GCC_NO_COMMON_BLOCKS = YES;
				GCC_WARN_64_TO_32_BIT_CONVERSION = YES;
				GCC_WARN_ABOUT_RETURN_TYPE = YES_ERROR;
				GCC_WARN_UNDECLARED_SELECTOR = YES;
				GCC_WARN_UNINITIALIZED_AUTOS = YES_AGGRESSIVE;
				GCC_WARN_UNUSED_FUNCTION = YES;
				GCC_WARN_UNUSED_VARIABLE = YES;
				IPHONEOS_DEPLOYMENT_TARGET = 9.2;
				MTL_ENABLE_DEBUG_INFO = NO;
				SDKROOT = iphoneos;
				TARGETED_DEVICE_FAMILY = "1,2";
				VALIDATE_PRODUCT = YES;
			};
			name = Release;
		};
		886286971CF693BA007D8C94 /* Debug */ = {
			isa = XCBuildConfiguration;
			baseConfigurationReference = 58CCA18E3340271B365D13BC /* Pods-FocoUnlocked.debug.xcconfig */;
			buildSettings = {
				ASSETCATALOG_COMPILER_APPICON_NAME = AppIcon;
				CLANG_ENABLE_MODULES = YES;
				CODE_SIGN_IDENTITY = "iPhone Developer";
				"CODE_SIGN_IDENTITY[sdk=iphoneos*]" = "iPhone Developer";
				INFOPLIST_FILE = FocoUnlocked/Info.plist;
				LD_RUNPATH_SEARCH_PATHS = "$(inherited) @executable_path/Frameworks";
				PRODUCT_BUNDLE_IDENTIFIER = Ijemma.FocoUnlocked.App;
				PRODUCT_NAME = "$(TARGET_NAME)";
				PROVISIONING_PROFILE = "";
				SWIFT_OBJC_BRIDGING_HEADER = "FocoUnlocked/FocoUnlocked-Bridging-Header.h";
				SWIFT_OPTIMIZATION_LEVEL = "-Onone";
				TARGETED_DEVICE_FAMILY = 1;
			};
			name = Debug;
		};
		886286981CF693BA007D8C94 /* Release */ = {
			isa = XCBuildConfiguration;
			baseConfigurationReference = 59585F6903AE25584EB4F87F /* Pods-FocoUnlocked.release.xcconfig */;
			buildSettings = {
				ASSETCATALOG_COMPILER_APPICON_NAME = AppIcon;
				CLANG_ENABLE_MODULES = YES;
				CODE_SIGN_IDENTITY = "iPhone Developer";
				"CODE_SIGN_IDENTITY[sdk=iphoneos*]" = "iPhone Developer";
				INFOPLIST_FILE = FocoUnlocked/Info.plist;
				LD_RUNPATH_SEARCH_PATHS = "$(inherited) @executable_path/Frameworks";
				PRODUCT_BUNDLE_IDENTIFIER = Ijemma.FocoUnlocked.App;
				PRODUCT_NAME = "$(TARGET_NAME)";
				PROVISIONING_PROFILE = "";
				SWIFT_OBJC_BRIDGING_HEADER = "FocoUnlocked/FocoUnlocked-Bridging-Header.h";
				TARGETED_DEVICE_FAMILY = 1;
			};
			name = Release;
		};
		8862869A1CF693BA007D8C94 /* Debug */ = {
			isa = XCBuildConfiguration;
			baseConfigurationReference = 977A905C38D973452EFB81F2 /* Pods-FocoUnlockedTests.debug.xcconfig */;
			buildSettings = {
				BUNDLE_LOADER = "$(TEST_HOST)";
				INFOPLIST_FILE = FocoUnlockedTests/Info.plist;
				LD_RUNPATH_SEARCH_PATHS = "$(inherited) @executable_path/Frameworks @loader_path/Frameworks";
				PRODUCT_BUNDLE_IDENTIFIER = Ijemma.FocoUnlockedTests;
				PRODUCT_NAME = "$(TARGET_NAME)";
				TEST_HOST = "$(BUILT_PRODUCTS_DIR)/FocoUnlocked.app/FocoUnlocked";
			};
			name = Debug;
		};
		8862869B1CF693BA007D8C94 /* Release */ = {
			isa = XCBuildConfiguration;
			baseConfigurationReference = EF823C347FEC231213042121 /* Pods-FocoUnlockedTests.release.xcconfig */;
			buildSettings = {
				BUNDLE_LOADER = "$(TEST_HOST)";
				INFOPLIST_FILE = FocoUnlockedTests/Info.plist;
				LD_RUNPATH_SEARCH_PATHS = "$(inherited) @executable_path/Frameworks @loader_path/Frameworks";
				PRODUCT_BUNDLE_IDENTIFIER = Ijemma.FocoUnlockedTests;
				PRODUCT_NAME = "$(TARGET_NAME)";
				TEST_HOST = "$(BUILT_PRODUCTS_DIR)/FocoUnlocked.app/FocoUnlocked";
			};
			name = Release;
		};
		8862869D1CF693BA007D8C94 /* Debug */ = {
			isa = XCBuildConfiguration;
			baseConfigurationReference = 1C2D6D14CA42DB10CE3CC4BB /* Pods-FocoUnlockedUITests.debug.xcconfig */;
			buildSettings = {
				INFOPLIST_FILE = FocoUnlockedUITests/Info.plist;
				LD_RUNPATH_SEARCH_PATHS = "$(inherited) @executable_path/Frameworks @loader_path/Frameworks";
				PRODUCT_BUNDLE_IDENTIFIER = Ijemma.FocoUnlockedUITests;
				PRODUCT_NAME = "$(TARGET_NAME)";
				TEST_TARGET_NAME = FocoUnlocked;
				USES_XCTRUNNER = YES;
			};
			name = Debug;
		};
		8862869E1CF693BA007D8C94 /* Release */ = {
			isa = XCBuildConfiguration;
			baseConfigurationReference = E30FF048EA40B1D73F496EAC /* Pods-FocoUnlockedUITests.release.xcconfig */;
			buildSettings = {
				INFOPLIST_FILE = FocoUnlockedUITests/Info.plist;
				LD_RUNPATH_SEARCH_PATHS = "$(inherited) @executable_path/Frameworks @loader_path/Frameworks";
				PRODUCT_BUNDLE_IDENTIFIER = Ijemma.FocoUnlockedUITests;
				PRODUCT_NAME = "$(TARGET_NAME)";
				TEST_TARGET_NAME = FocoUnlocked;
				USES_XCTRUNNER = YES;
			};
			name = Release;
		};
/* End XCBuildConfiguration section */

/* Begin XCConfigurationList section */
		886286691CF693B9007D8C94 /* Build configuration list for PBXProject "FocoUnlocked" */ = {
			isa = XCConfigurationList;
			buildConfigurations = (
				886286941CF693BA007D8C94 /* Debug */,
				886286951CF693BA007D8C94 /* Release */,
			);
			defaultConfigurationIsVisible = 0;
			defaultConfigurationName = Release;
		};
		886286961CF693BA007D8C94 /* Build configuration list for PBXNativeTarget "FocoUnlocked" */ = {
			isa = XCConfigurationList;
			buildConfigurations = (
				886286971CF693BA007D8C94 /* Debug */,
				886286981CF693BA007D8C94 /* Release */,
			);
			defaultConfigurationIsVisible = 0;
			defaultConfigurationName = Release;
		};
		886286991CF693BA007D8C94 /* Build configuration list for PBXNativeTarget "FocoUnlockedTests" */ = {
			isa = XCConfigurationList;
			buildConfigurations = (
				8862869A1CF693BA007D8C94 /* Debug */,
				8862869B1CF693BA007D8C94 /* Release */,
			);
			defaultConfigurationIsVisible = 0;
			defaultConfigurationName = Release;
		};
		8862869C1CF693BA007D8C94 /* Build configuration list for PBXNativeTarget "FocoUnlockedUITests" */ = {
			isa = XCConfigurationList;
			buildConfigurations = (
				8862869D1CF693BA007D8C94 /* Debug */,
				8862869E1CF693BA007D8C94 /* Release */,
			);
			defaultConfigurationIsVisible = 0;
			defaultConfigurationName = Release;
		};
/* End XCConfigurationList section */
	};
	rootObject = 886286661CF693B9007D8C94 /* Project object */;
}
